
Microsoft Visual Studio Solution File, Format Version 12.00
# Visual Studio 15
VisualStudioVersion = 15.0.26403.7
MinimumVisualStudioVersion = 10.0.40219.1
Project("{FAE04EC0-301F-11D3-BF4B-00C04F79EFBC}") = "youxiw", "youxiw\youxiw.csproj", "{9AA81A63-93B8-48F9-8366-C3AF4FC9825B}"
EndProject
Project("{FAE04EC0-301F-11D3-BF4B-00C04F79EFBC}") = "youxiw.测试", "youxiw.测试\youxiw.测试.csproj", "{88BD4E61-4149-443D-B5AD-6324A7D4AFE3}"
EndProject
Global
	GlobalSection(SolutionConfigurationPlatforms) = preSolution
		Debug|Any CPU = Debug|Any CPU
		Release|Any CPU = Release|Any CPU
	EndGlobalSection
	GlobalSection(ProjectConfigurationPlatforms) = postSolution
		{9AA81A63-93B8-48F9-8366-C3AF4FC9825B}.Debug|Any CPU.ActiveCfg = Debug|Any CPU
		{9AA81A63-93B8-48F9-8366-C3AF4FC9825B}.Debug|Any CPU.Build.0 = Debug|Any CPU
		{9AA81A63-93B8-48F9-8366-C3AF4FC9825B}.Release|Any CPU.ActiveCfg = Release|Any CPU
		{9AA81A63-93B8-48F9-8366-C3AF4FC9825B}.Release|Any CPU.Build.0 = Release|Any CPU
		{88BD4E61-4149-443D-B5AD-6324A7D4AFE3}.Debug|Any CPU.ActiveCfg = Debug|Any CPU
		{88BD4E61-4149-443D-B5AD-6324A7D4AFE3}.Debug|Any CPU.Build.0 = Debug|Any CPU
		{88BD4E61-4149-443D-B5AD-6324A7D4AFE3}.Release|Any CPU.ActiveCfg = Release|Any CPU
		{88BD4E61-4149-443D-B5AD-6324A7D4AFE3}.Release|Any CPU.Build.0 = Release|Any CPU
	EndGlobalSection
	GlobalSection(SolutionProperties) = preSolution
		HideSolutionNode = FALSE
	EndGlobalSection
EndGlobal
